// !$*UTF8*$!
{
	archiveVersion = 1;
	classes = {
	};
	objectVersion = 50;
	objects = {

/* Begin PBXBuildFile section */
		0FFFCB522286E77400E8564E /* AppDelegate.swift in Sources */ = {isa = PBXBuildFile; fileRef = 0FFFCB512286E77400E8564E /* AppDelegate.swift */; };
		0FFFCB542286E77400E8564E /* PrescriptionRequestViewController.swift in Sources */ = {isa = PBXBuildFile; fileRef = 0FFFCB532286E77400E8564E /* PrescriptionRequestViewController.swift */; };
		0FFFCB572286E77400E8564E /* Prescription.storyboard in Resources */ = {isa = PBXBuildFile; fileRef = 0FFFCB552286E77400E8564E /* Prescription.storyboard */; };
		0FFFCB592286E77500E8564E /* Assets.xcassets in Resources */ = {isa = PBXBuildFile; fileRef = 0FFFCB582286E77500E8564E /* Assets.xcassets */; };
		0FFFCB5C2286E77500E8564E /* LaunchScreen.storyboard in Resources */ = {isa = PBXBuildFile; fileRef = 0FFFCB5A2286E77500E8564E /* LaunchScreen.storyboard */; };
		0FFFCB7B2286EACD00E8564E /* FileReadable.swift in Sources */ = {isa = PBXBuildFile; fileRef = 0FFFCB7A2286EACD00E8564E /* FileReadable.swift */; };
		0FFFCB7C2286EAE100E8564E /* FileReadable.swift in Sources */ = {isa = PBXBuildFile; fileRef = 0FFFCB7A2286EACD00E8564E /* FileReadable.swift */; };
		0FFFCB7E2286EAF300E8564E /* FileType.swift in Sources */ = {isa = PBXBuildFile; fileRef = 0FFFCB7D2286EAF300E8564E /* FileType.swift */; };
		0FFFCB7F2286EAF500E8564E /* FileType.swift in Sources */ = {isa = PBXBuildFile; fileRef = 0FFFCB7D2286EAF300E8564E /* FileType.swift */; };
		0FFFCB812286EB1000E8564E /* FileReader.swift in Sources */ = {isa = PBXBuildFile; fileRef = 0FFFCB802286EB1000E8564E /* FileReader.swift */; };
		0FFFCB822286EB1200E8564E /* FileReader.swift in Sources */ = {isa = PBXBuildFile; fileRef = 0FFFCB802286EB1000E8564E /* FileReader.swift */; };
		0FFFCB842286EB3D00E8564E /* FileReaderError.swift in Sources */ = {isa = PBXBuildFile; fileRef = 0FFFCB832286EB3D00E8564E /* FileReaderError.swift */; };
		0FFFCB862286EB7300E8564E /* FileReaderError.swift in Sources */ = {isa = PBXBuildFile; fileRef = 0FFFCB832286EB3D00E8564E /* FileReaderError.swift */; };
		0FFFCB882286EB8000E8564E /* FileReaderErrorTests.swift in Sources */ = {isa = PBXBuildFile; fileRef = 0FFFCB872286EB8000E8564E /* FileReaderErrorTests.swift */; };
		0FFFCB8A2286EBA400E8564E /* FileReaderTests.swift in Sources */ = {isa = PBXBuildFile; fileRef = 0FFFCB892286EBA400E8564E /* FileReaderTests.swift */; };
		0FFFCB8C2286EBCD00E8564E /* FileTypeTests.swift in Sources */ = {isa = PBXBuildFile; fileRef = 0FFFCB8B2286EBCD00E8564E /* FileTypeTests.swift */; };
		0FFFCB8E2286EC5F00E8564E /* Result.swift in Sources */ = {isa = PBXBuildFile; fileRef = 0FFFCB8D2286EC5F00E8564E /* Result.swift */; };
		0FFFCB8F2286EC6000E8564E /* Result.swift in Sources */ = {isa = PBXBuildFile; fileRef = 0FFFCB8D2286EC5F00E8564E /* Result.swift */; };
		0FFFCB922286ED5F00E8564E /* prescription_request.json in Resources */ = {isa = PBXBuildFile; fileRef = 0FFFCB912286ED5F00E8564E /* prescription_request.json */; };
		0FFFCB932286ED5F00E8564E /* prescription_request.json in Resources */ = {isa = PBXBuildFile; fileRef = 0FFFCB912286ED5F00E8564E /* prescription_request.json */; };
		0FFFCB952286EDB500E8564E /* ResultTests.swift in Sources */ = {isa = PBXBuildFile; fileRef = 0FFFCB942286EDB500E8564E /* ResultTests.swift */; };
		0FFFCB982286EE6A00E8564E /* Medication.swift in Sources */ = {isa = PBXBuildFile; fileRef = 0FFFCB972286EE6A00E8564E /* Medication.swift */; };
		0FFFCB992286EE6A00E8564E /* Medication.swift in Sources */ = {isa = PBXBuildFile; fileRef = 0FFFCB972286EE6A00E8564E /* Medication.swift */; };
		0FFFCB9B2286EED400E8564E /* PrescriptionRequestFormType.swift in Sources */ = {isa = PBXBuildFile; fileRef = 0FFFCB9A2286EED400E8564E /* PrescriptionRequestFormType.swift */; };
		0FFFCB9C2286EED400E8564E /* PrescriptionRequestFormType.swift in Sources */ = {isa = PBXBuildFile; fileRef = 0FFFCB9A2286EED400E8564E /* PrescriptionRequestFormType.swift */; };
		0FFFCB9F2286EF5500E8564E /* Question.swift in Sources */ = {isa = PBXBuildFile; fileRef = 0FFFCB9E2286EF5500E8564E /* Question.swift */; };
		0FFFCBA02286EF5500E8564E /* Question.swift in Sources */ = {isa = PBXBuildFile; fileRef = 0FFFCB9E2286EF5500E8564E /* Question.swift */; };
		0FFFCBA52286F07100E8564E /* FreeTextQuestion.swift in Sources */ = {isa = PBXBuildFile; fileRef = 0FFFCBA42286F07100E8564E /* FreeTextQuestion.swift */; };
		0FFFCBA62286F07100E8564E /* FreeTextQuestion.swift in Sources */ = {isa = PBXBuildFile; fileRef = 0FFFCBA42286F07100E8564E /* FreeTextQuestion.swift */; };
		0FFFCBA82286F0EB00E8564E /* MultipleSelectionQuestion.swift in Sources */ = {isa = PBXBuildFile; fileRef = 0FFFCBA72286F0EB00E8564E /* MultipleSelectionQuestion.swift */; };
		0FFFCBA92286F0EB00E8564E /* MultipleSelectionQuestion.swift in Sources */ = {isa = PBXBuildFile; fileRef = 0FFFCBA72286F0EB00E8564E /* MultipleSelectionQuestion.swift */; };
		0FFFCBAB2286F19800E8564E /* AnswerChoice.swift in Sources */ = {isa = PBXBuildFile; fileRef = 0FFFCBAA2286F19800E8564E /* AnswerChoice.swift */; };
		0FFFCBAC2286F19800E8564E /* AnswerChoice.swift in Sources */ = {isa = PBXBuildFile; fileRef = 0FFFCBAA2286F19800E8564E /* AnswerChoice.swift */; };
		0FFFCBAE2286F26C00E8564E /* PrescriptionRequest.swift in Sources */ = {isa = PBXBuildFile; fileRef = 0FFFCBAD2286F26C00E8564E /* PrescriptionRequest.swift */; };
		0FFFCBAF2286F26C00E8564E /* PrescriptionRequest.swift in Sources */ = {isa = PBXBuildFile; fileRef = 0FFFCBAD2286F26C00E8564E /* PrescriptionRequest.swift */; };
		0FFFCBB12286F29800E8564E /* Form.swift in Sources */ = {isa = PBXBuildFile; fileRef = 0FFFCBB02286F29800E8564E /* Form.swift */; };
		0FFFCBB22286F29800E8564E /* Form.swift in Sources */ = {isa = PBXBuildFile; fileRef = 0FFFCBB02286F29800E8564E /* Form.swift */; };
		0FFFCBB52286F36600E8564E /* PrecriptionDataProvider.swift in Sources */ = {isa = PBXBuildFile; fileRef = 0FFFCBB42286F36600E8564E /* PrecriptionDataProvider.swift */; };
		0FFFCBB62286F36600E8564E /* PrecriptionDataProvider.swift in Sources */ = {isa = PBXBuildFile; fileRef = 0FFFCBB42286F36600E8564E /* PrecriptionDataProvider.swift */; };
		0FFFCBB82286F3C100E8564E /* StaticPrecriptionDataProvider.swift in Sources */ = {isa = PBXBuildFile; fileRef = 0FFFCBB72286F3C100E8564E /* StaticPrecriptionDataProvider.swift */; };
		0FFFCBB92286F3C100E8564E /* StaticPrecriptionDataProvider.swift in Sources */ = {isa = PBXBuildFile; fileRef = 0FFFCBB72286F3C100E8564E /* StaticPrecriptionDataProvider.swift */; };
		0FFFCBBC2286F53E00E8564E /* JSONDecoder+Extensions.swift in Sources */ = {isa = PBXBuildFile; fileRef = 0FFFCBBB2286F53E00E8564E /* JSONDecoder+Extensions.swift */; };
/* End PBXBuildFile section */

/* Begin PBXContainerItemProxy section */
		0FFFCB632286E77500E8564E /* PBXContainerItemProxy */ = {
			isa = PBXContainerItemProxy;
			containerPortal = 0FFFCB462286E77400E8564E /* Project object */;
			proxyType = 1;
			remoteGlobalIDString = 0FFFCB4D2286E77400E8564E;
			remoteInfo = Galileo;
		};
/* End PBXContainerItemProxy section */

/* Begin PBXFileReference section */
		0FFFCB4E2286E77400E8564E /* Galileo.app */ = {isa = PBXFileReference; explicitFileType = wrapper.application; includeInIndex = 0; path = Galileo.app; sourceTree = BUILT_PRODUCTS_DIR; };
		0FFFCB512286E77400E8564E /* AppDelegate.swift */ = {isa = PBXFileReference; lastKnownFileType = sourcecode.swift; path = AppDelegate.swift; sourceTree = "<group>"; };
		0FFFCB532286E77400E8564E /* PrescriptionRequestViewController.swift */ = {isa = PBXFileReference; lastKnownFileType = sourcecode.swift; path = PrescriptionRequestViewController.swift; sourceTree = "<group>"; };
		0FFFCB562286E77400E8564E /* Base */ = {isa = PBXFileReference; lastKnownFileType = file.storyboard; name = Base; path = Base.lproj/Prescription.storyboard; sourceTree = "<group>"; };
		0FFFCB582286E77500E8564E /* Assets.xcassets */ = {isa = PBXFileReference; lastKnownFileType = folder.assetcatalog; path = Assets.xcassets; sourceTree = "<group>"; };
		0FFFCB5B2286E77500E8564E /* Base */ = {isa = PBXFileReference; lastKnownFileType = file.storyboard; name = Base; path = Base.lproj/LaunchScreen.storyboard; sourceTree = "<group>"; };
		0FFFCB5D2286E77500E8564E /* Info.plist */ = {isa = PBXFileReference; lastKnownFileType = text.plist.xml; path = Info.plist; sourceTree = "<group>"; };
		0FFFCB622286E77500E8564E /* GalileoTests.xctest */ = {isa = PBXFileReference; explicitFileType = wrapper.cfbundle; includeInIndex = 0; path = GalileoTests.xctest; sourceTree = BUILT_PRODUCTS_DIR; };
		0FFFCB682286E77500E8564E /* Info.plist */ = {isa = PBXFileReference; lastKnownFileType = text.plist.xml; path = Info.plist; sourceTree = "<group>"; };
		0FFFCB7A2286EACD00E8564E /* FileReadable.swift */ = {isa = PBXFileReference; lastKnownFileType = sourcecode.swift; path = FileReadable.swift; sourceTree = "<group>"; };
		0FFFCB7D2286EAF300E8564E /* FileType.swift */ = {isa = PBXFileReference; lastKnownFileType = sourcecode.swift; path = FileType.swift; sourceTree = "<group>"; };
		0FFFCB802286EB1000E8564E /* FileReader.swift */ = {isa = PBXFileReference; lastKnownFileType = sourcecode.swift; path = FileReader.swift; sourceTree = "<group>"; };
		0FFFCB832286EB3D00E8564E /* FileReaderError.swift */ = {isa = PBXFileReference; lastKnownFileType = sourcecode.swift; path = FileReaderError.swift; sourceTree = "<group>"; };
		0FFFCB872286EB8000E8564E /* FileReaderErrorTests.swift */ = {isa = PBXFileReference; lastKnownFileType = sourcecode.swift; path = FileReaderErrorTests.swift; sourceTree = "<group>"; };
		0FFFCB892286EBA400E8564E /* FileReaderTests.swift */ = {isa = PBXFileReference; lastKnownFileType = sourcecode.swift; path = FileReaderTests.swift; sourceTree = "<group>"; };
		0FFFCB8B2286EBCD00E8564E /* FileTypeTests.swift */ = {isa = PBXFileReference; lastKnownFileType = sourcecode.swift; path = FileTypeTests.swift; sourceTree = "<group>"; };
		0FFFCB8D2286EC5F00E8564E /* Result.swift */ = {isa = PBXFileReference; lastKnownFileType = sourcecode.swift; path = Result.swift; sourceTree = "<group>"; };
		0FFFCB912286ED5F00E8564E /* prescription_request.json */ = {isa = PBXFileReference; fileEncoding = 4; lastKnownFileType = text.json; path = prescription_request.json; sourceTree = "<group>"; };
		0FFFCB942286EDB500E8564E /* ResultTests.swift */ = {isa = PBXFileReference; lastKnownFileType = sourcecode.swift; path = ResultTests.swift; sourceTree = "<group>"; };
		0FFFCB972286EE6A00E8564E /* Medication.swift */ = {isa = PBXFileReference; lastKnownFileType = sourcecode.swift; path = Medication.swift; sourceTree = "<group>"; };
		0FFFCB9A2286EED400E8564E /* PrescriptionRequestFormType.swift */ = {isa = PBXFileReference; lastKnownFileType = sourcecode.swift; path = PrescriptionRequestFormType.swift; sourceTree = "<group>"; };
		0FFFCB9E2286EF5500E8564E /* Question.swift */ = {isa = PBXFileReference; lastKnownFileType = sourcecode.swift; path = Question.swift; sourceTree = "<group>"; };
		0FFFCBA42286F07100E8564E /* FreeTextQuestion.swift */ = {isa = PBXFileReference; lastKnownFileType = sourcecode.swift; path = FreeTextQuestion.swift; sourceTree = "<group>"; };
		0FFFCBA72286F0EB00E8564E /* MultipleSelectionQuestion.swift */ = {isa = PBXFileReference; lastKnownFileType = sourcecode.swift; path = MultipleSelectionQuestion.swift; sourceTree = "<group>"; };
		0FFFCBAA2286F19800E8564E /* AnswerChoice.swift */ = {isa = PBXFileReference; lastKnownFileType = sourcecode.swift; path = AnswerChoice.swift; sourceTree = "<group>"; };
		0FFFCBAD2286F26C00E8564E /* PrescriptionRequest.swift */ = {isa = PBXFileReference; lastKnownFileType = sourcecode.swift; path = PrescriptionRequest.swift; sourceTree = "<group>"; };
		0FFFCBB02286F29800E8564E /* Form.swift */ = {isa = PBXFileReference; lastKnownFileType = sourcecode.swift; path = Form.swift; sourceTree = "<group>"; };
		0FFFCBB42286F36600E8564E /* PrecriptionDataProvider.swift */ = {isa = PBXFileReference; lastKnownFileType = sourcecode.swift; path = PrecriptionDataProvider.swift; sourceTree = "<group>"; };
		0FFFCBB72286F3C100E8564E /* StaticPrecriptionDataProvider.swift */ = {isa = PBXFileReference; lastKnownFileType = sourcecode.swift; path = StaticPrecriptionDataProvider.swift; sourceTree = "<group>"; };
		0FFFCBBB2286F53E00E8564E /* JSONDecoder+Extensions.swift */ = {isa = PBXFileReference; lastKnownFileType = sourcecode.swift; path = "JSONDecoder+Extensions.swift"; sourceTree = "<group>"; };
/* End PBXFileReference section */

/* Begin PBXFrameworksBuildPhase section */
		0FFFCB4B2286E77400E8564E /* Frameworks */ = {
			isa = PBXFrameworksBuildPhase;
			buildActionMask = 2147483647;
			files = (
			);
			runOnlyForDeploymentPostprocessing = 0;
		};
		0FFFCB5F2286E77500E8564E /* Frameworks */ = {
			isa = PBXFrameworksBuildPhase;
			buildActionMask = 2147483647;
			files = (
			);
			runOnlyForDeploymentPostprocessing = 0;
		};
/* End PBXFrameworksBuildPhase section */

/* Begin PBXGroup section */
		0FFFCB452286E77400E8564E = {
			isa = PBXGroup;
			children = (
				0FFFCB502286E77400E8564E /* Galileo */,
				0FFFCB652286E77500E8564E /* GalileoTests */,
				0FFFCB4F2286E77400E8564E /* Products */,
			);
			sourceTree = "<group>";
		};
		0FFFCB4F2286E77400E8564E /* Products */ = {
			isa = PBXGroup;
			children = (
				0FFFCB4E2286E77400E8564E /* Galileo.app */,
				0FFFCB622286E77500E8564E /* GalileoTests.xctest */,
			);
			name = Products;
			sourceTree = "<group>";
		};
		0FFFCB502286E77400E8564E /* Galileo */ = {
			isa = PBXGroup;
			children = (
				0FFFCB512286E77400E8564E /* AppDelegate.swift */,
				0FFFCB712286E82300E8564E /* Features */,
				0FFFCB722286E82F00E8564E /* Resources */,
				0FFFCB732286E83700E8564E /* Utility */,
			);
			path = Galileo;
			sourceTree = "<group>";
		};
		0FFFCB652286E77500E8564E /* GalileoTests */ = {
			isa = PBXGroup;
			children = (
				0FFFCB762286E98600E8564E /* Features */,
				0FFFCB752286E97E00E8564E /* Resources */,
				0FFFCB782286E9F100E8564E /* Utility */,
			);
			path = GalileoTests;
			sourceTree = "<group>";
		};
		0FFFCB712286E82300E8564E /* Features */ = {
			isa = PBXGroup;
			children = (
				0FFFCB742286E88700E8564E /* Prescription */,
			);
			path = Features;
			sourceTree = "<group>";
		};
		0FFFCB722286E82F00E8564E /* Resources */ = {
			isa = PBXGroup;
			children = (
				0FFFCB5A2286E77500E8564E /* LaunchScreen.storyboard */,
				0FFFCB582286E77500E8564E /* Assets.xcassets */,
				0FFFCB5D2286E77500E8564E /* Info.plist */,
			);
			path = Resources;
			sourceTree = "<group>";
		};
		0FFFCB732286E83700E8564E /* Utility */ = {
			isa = PBXGroup;
			children = (
				0FFFCBBA2286F4EC00E8564E /* Extensions */,
				0FFFCB792286EA8D00E8564E /* File Reader */,
				0FFFCB8D2286EC5F00E8564E /* Result.swift */,
			);
			path = Utility;
			sourceTree = "<group>";
		};
		0FFFCB742286E88700E8564E /* Prescription */ = {
			isa = PBXGroup;
			children = (
				0FFFCBB32286F33E00E8564E /* Data Provider */,
				0FFFCB902286ED3B00E8564E /* JSON */,
				0FFFCB962286EE4500E8564E /* Models */,
				0FFFCB552286E77400E8564E /* Prescription.storyboard */,
				0FFFCB9A2286EED400E8564E /* PrescriptionRequestFormType.swift */,
				0FFFCB532286E77400E8564E /* PrescriptionRequestViewController.swift */,
			);
			path = Prescription;
			sourceTree = "<group>";
		};
		0FFFCB752286E97E00E8564E /* Resources */ = {
			isa = PBXGroup;
			children = (
				0FFFCB682286E77500E8564E /* Info.plist */,
			);
			path = Resources;
			sourceTree = "<group>";
		};
		0FFFCB762286E98600E8564E /* Features */ = {
			isa = PBXGroup;
			children = (
				0FFFCB772286E99100E8564E /* Prescription */,
			);
			path = Features;
			sourceTree = "<group>";
		};
		0FFFCB772286E99100E8564E /* Prescription */ = {
			isa = PBXGroup;
			children = (
			);
			path = Prescription;
			sourceTree = "<group>";
		};
		0FFFCB782286E9F100E8564E /* Utility */ = {
			isa = PBXGroup;
			children = (
				0FFFCB852286EB6100E8564E /* File Reader */,
				0FFFCB942286EDB500E8564E /* ResultTests.swift */,
			);
			path = Utility;
			sourceTree = "<group>";
		};
		0FFFCB792286EA8D00E8564E /* File Reader */ = {
			isa = PBXGroup;
			children = (
				0FFFCB7A2286EACD00E8564E /* FileReadable.swift */,
				0FFFCB802286EB1000E8564E /* FileReader.swift */,
				0FFFCB832286EB3D00E8564E /* FileReaderError.swift */,
				0FFFCB7D2286EAF300E8564E /* FileType.swift */,
			);
			path = "File Reader";
			sourceTree = "<group>";
		};
		0FFFCB852286EB6100E8564E /* File Reader */ = {
			isa = PBXGroup;
			children = (
				0FFFCB872286EB8000E8564E /* FileReaderErrorTests.swift */,
				0FFFCB892286EBA400E8564E /* FileReaderTests.swift */,
				0FFFCB8B2286EBCD00E8564E /* FileTypeTests.swift */,
			);
			path = "File Reader";
			sourceTree = "<group>";
		};
		0FFFCB902286ED3B00E8564E /* JSON */ = {
			isa = PBXGroup;
			children = (
				0FFFCB912286ED5F00E8564E /* prescription_request.json */,
			);
			path = JSON;
			sourceTree = "<group>";
		};
		0FFFCB962286EE4500E8564E /* Models */ = {
			isa = PBXGroup;
			children = (
				0FFFCB9D2286EF4200E8564E /* Question and Answer */,
				0FFFCB972286EE6A00E8564E /* Medication.swift */,
				0FFFCBAD2286F26C00E8564E /* PrescriptionRequest.swift */,
				0FFFCBB02286F29800E8564E /* Form.swift */,
			);
			path = Models;
			sourceTree = "<group>";
		};
		0FFFCB9D2286EF4200E8564E /* Question and Answer */ = {
			isa = PBXGroup;
			children = (
				0FFFCBAA2286F19800E8564E /* AnswerChoice.swift */,
				0FFFCBA42286F07100E8564E /* FreeTextQuestion.swift */,
				0FFFCBA72286F0EB00E8564E /* MultipleSelectionQuestion.swift */,
				0FFFCB9E2286EF5500E8564E /* Question.swift */,
			);
			path = "Question and Answer";
			sourceTree = "<group>";
		};
		0FFFCBB32286F33E00E8564E /* Data Provider */ = {
			isa = PBXGroup;
			children = (
				0FFFCBB42286F36600E8564E /* PrecriptionDataProvider.swift */,
				0FFFCBB72286F3C100E8564E /* StaticPrecriptionDataProvider.swift */,
			);
			path = "Data Provider";
			sourceTree = "<group>";
		};
		0FFFCBBA2286F4EC00E8564E /* Extensions */ = {
			isa = PBXGroup;
			children = (
				0FFFCBBB2286F53E00E8564E /* JSONDecoder+Extensions.swift */,
			);
			path = Extensions;
			sourceTree = "<group>";
		};
/* End PBXGroup section */

/* Begin PBXNativeTarget section */
		0FFFCB4D2286E77400E8564E /* Galileo */ = {
			isa = PBXNativeTarget;
			buildConfigurationList = 0FFFCB6B2286E77500E8564E /* Build configuration list for PBXNativeTarget "Galileo" */;
			buildPhases = (
				0FFFCB4A2286E77400E8564E /* Sources */,
				0FFFCB4B2286E77400E8564E /* Frameworks */,
				0FFFCB4C2286E77400E8564E /* Resources */,
			);
			buildRules = (
			);
			dependencies = (
			);
			name = Galileo;
			productName = Galileo;
			productReference = 0FFFCB4E2286E77400E8564E /* Galileo.app */;
			productType = "com.apple.product-type.application";
		};
		0FFFCB612286E77500E8564E /* GalileoTests */ = {
			isa = PBXNativeTarget;
			buildConfigurationList = 0FFFCB6E2286E77500E8564E /* Build configuration list for PBXNativeTarget "GalileoTests" */;
			buildPhases = (
				0FFFCB5E2286E77500E8564E /* Sources */,
				0FFFCB5F2286E77500E8564E /* Frameworks */,
				0FFFCB602286E77500E8564E /* Resources */,
			);
			buildRules = (
			);
			dependencies = (
				0FFFCB642286E77500E8564E /* PBXTargetDependency */,
			);
			name = GalileoTests;
			productName = GalileoTests;
			productReference = 0FFFCB622286E77500E8564E /* GalileoTests.xctest */;
			productType = "com.apple.product-type.bundle.unit-test";
		};
/* End PBXNativeTarget section */

/* Begin PBXProject section */
		0FFFCB462286E77400E8564E /* Project object */ = {
			isa = PBXProject;
			attributes = {
				LastSwiftUpdateCheck = 1020;
				LastUpgradeCheck = 1020;
				ORGANIZATIONNAME = brunoagatte;
				TargetAttributes = {
					0FFFCB4D2286E77400E8564E = {
						CreatedOnToolsVersion = 10.2;
					};
					0FFFCB612286E77500E8564E = {
						CreatedOnToolsVersion = 10.2;
						TestTargetID = 0FFFCB4D2286E77400E8564E;
					};
				};
			};
			buildConfigurationList = 0FFFCB492286E77400E8564E /* Build configuration list for PBXProject "Galileo" */;
			compatibilityVersion = "Xcode 9.3";
			developmentRegion = en;
			hasScannedForEncodings = 0;
			knownRegions = (
				en,
				Base,
			);
			mainGroup = 0FFFCB452286E77400E8564E;
			productRefGroup = 0FFFCB4F2286E77400E8564E /* Products */;
			projectDirPath = "";
			projectRoot = "";
			targets = (
				0FFFCB4D2286E77400E8564E /* Galileo */,
				0FFFCB612286E77500E8564E /* GalileoTests */,
			);
		};
/* End PBXProject section */

/* Begin PBXResourcesBuildPhase section */
		0FFFCB4C2286E77400E8564E /* Resources */ = {
			isa = PBXResourcesBuildPhase;
			buildActionMask = 2147483647;
			files = (
				0FFFCB5C2286E77500E8564E /* LaunchScreen.storyboard in Resources */,
				0FFFCB592286E77500E8564E /* Assets.xcassets in Resources */,
				0FFFCB572286E77400E8564E /* Prescription.storyboard in Resources */,
				0FFFCB922286ED5F00E8564E /* prescription_request.json in Resources */,
			);
			runOnlyForDeploymentPostprocessing = 0;
		};
		0FFFCB602286E77500E8564E /* Resources */ = {
			isa = PBXResourcesBuildPhase;
			buildActionMask = 2147483647;
			files = (
				0FFFCB932286ED5F00E8564E /* prescription_request.json in Resources */,
			);
			runOnlyForDeploymentPostprocessing = 0;
		};
/* End PBXResourcesBuildPhase section */

/* Begin PBXSourcesBuildPhase section */
		0FFFCB4A2286E77400E8564E /* Sources */ = {
			isa = PBXSourcesBuildPhase;
			buildActionMask = 2147483647;
			files = (
				0FFFCB982286EE6A00E8564E /* Medication.swift in Sources */,
				0FFFCB542286E77400E8564E /* PrescriptionRequestViewController.swift in Sources */,
				0FFFCB842286EB3D00E8564E /* FileReaderError.swift in Sources */,
				0FFFCB812286EB1000E8564E /* FileReader.swift in Sources */,
				0FFFCB7B2286EACD00E8564E /* FileReadable.swift in Sources */,
				0FFFCBAE2286F26C00E8564E /* PrescriptionRequest.swift in Sources */,
				0FFFCBB52286F36600E8564E /* PrecriptionDataProvider.swift in Sources */,
				0FFFCBAB2286F19800E8564E /* AnswerChoice.swift in Sources */,
				0FFFCB9F2286EF5500E8564E /* Question.swift in Sources */,
				0FFFCBB12286F29800E8564E /* Form.swift in Sources */,
				0FFFCB8E2286EC5F00E8564E /* Result.swift in Sources */,
				0FFFCBA82286F0EB00E8564E /* MultipleSelectionQuestion.swift in Sources */,
				0FFFCBA52286F07100E8564E /* FreeTextQuestion.swift in Sources */,
				0FFFCB9B2286EED400E8564E /* PrescriptionRequestFormType.swift in Sources */,
				0FFFCB522286E77400E8564E /* AppDelegate.swift in Sources */,
				0FFFCBB82286F3C100E8564E /* StaticPrecriptionDataProvider.swift in Sources */,
				0FFFCB7E2286EAF300E8564E /* FileType.swift in Sources */,
				0FFFCBBC2286F53E00E8564E /* JSONDecoder+Extensions.swift in Sources */,
			);
			runOnlyForDeploymentPostprocessing = 0;
		};
		0FFFCB5E2286E77500E8564E /* Sources */ = {
			isa = PBXSourcesBuildPhase;
			buildActionMask = 2147483647;
			files = (
				0FFFCBB62286F36600E8564E /* PrecriptionDataProvider.swift in Sources */,
				0FFFCB992286EE6A00E8564E /* Medication.swift in Sources */,
				0FFFCB8A2286EBA400E8564E /* FileReaderTests.swift in Sources */,
				0FFFCBA92286F0EB00E8564E /* MultipleSelectionQuestion.swift in Sources */,
				0FFFCBA62286F07100E8564E /* FreeTextQuestion.swift in Sources */,
				0FFFCB822286EB1200E8564E /* FileReader.swift in Sources */,
				0FFFCBB22286F29800E8564E /* Form.swift in Sources */,
				0FFFCB862286EB7300E8564E /* FileReaderError.swift in Sources */,
				0FFFCB952286EDB500E8564E /* ResultTests.swift in Sources */,
				0FFFCB9C2286EED400E8564E /* PrescriptionRequestFormType.swift in Sources */,
				0FFFCB882286EB8000E8564E /* FileReaderErrorTests.swift in Sources */,
				0FFFCBAC2286F19800E8564E /* AnswerChoice.swift in Sources */,
				0FFFCB7C2286EAE100E8564E /* FileReadable.swift in Sources */,
				0FFFCBB92286F3C100E8564E /* StaticPrecriptionDataProvider.swift in Sources */,
				0FFFCB8C2286EBCD00E8564E /* FileTypeTests.swift in Sources */,
				0FFFCBA02286EF5500E8564E /* Question.swift in Sources */,
				0FFFCB8F2286EC6000E8564E /* Result.swift in Sources */,
				0FFFCB7F2286EAF500E8564E /* FileType.swift in Sources */,
				0FFFCBAF2286F26C00E8564E /* PrescriptionRequest.swift in Sources */,
			);
			runOnlyForDeploymentPostprocessing = 0;
		};
/* End PBXSourcesBuildPhase section */

/* Begin PBXTargetDependency section */
		0FFFCB642286E77500E8564E /* PBXTargetDependency */ = {
			isa = PBXTargetDependency;
			target = 0FFFCB4D2286E77400E8564E /* Galileo */;
			targetProxy = 0FFFCB632286E77500E8564E /* PBXContainerItemProxy */;
		};
/* End PBXTargetDependency section */

/* Begin PBXVariantGroup section */
		0FFFCB552286E77400E8564E /* Prescription.storyboard */ = {
			isa = PBXVariantGroup;
			children = (
				0FFFCB562286E77400E8564E /* Base */,
			);
			name = Prescription.storyboard;
			sourceTree = "<group>";
		};
		0FFFCB5A2286E77500E8564E /* LaunchScreen.storyboard */ = {
			isa = PBXVariantGroup;
			children = (
				0FFFCB5B2286E77500E8564E /* Base */,
			);
			name = LaunchScreen.storyboard;
			sourceTree = "<group>";
		};
/* End PBXVariantGroup section */

/* Begin XCBuildConfiguration section */
		0FFFCB692286E77500E8564E /* Debug */ = {
			isa = XCBuildConfiguration;
			buildSettings = {
				ALWAYS_SEARCH_USER_PATHS = NO;
				CLANG_ANALYZER_NONNULL = YES;
				CLANG_ANALYZER_NUMBER_OBJECT_CONVERSION = YES_AGGRESSIVE;
				CLANG_CXX_LANGUAGE_STANDARD = "gnu++14";
				CLANG_CXX_LIBRARY = "libc++";
				CLANG_ENABLE_MODULES = YES;
				CLANG_ENABLE_OBJC_ARC = YES;
				CLANG_ENABLE_OBJC_WEAK = YES;
				CLANG_WARN_BLOCK_CAPTURE_AUTORELEASING = YES;
				CLANG_WARN_BOOL_CONVERSION = YES;
				CLANG_WARN_COMMA = YES;
				CLANG_WARN_CONSTANT_CONVERSION = YES;
				CLANG_WARN_DEPRECATED_OBJC_IMPLEMENTATIONS = YES;
				CLANG_WARN_DIRECT_OBJC_ISA_USAGE = YES_ERROR;
				CLANG_WARN_DOCUMENTATION_COMMENTS = YES;
				CLANG_WARN_EMPTY_BODY = YES;
				CLANG_WARN_ENUM_CONVERSION = YES;
				CLANG_WARN_INFINITE_RECURSION = YES;
				CLANG_WARN_INT_CONVERSION = YES;
				CLANG_WARN_NON_LITERAL_NULL_CONVERSION = YES;
				CLANG_WARN_OBJC_IMPLICIT_RETAIN_SELF = YES;
				CLANG_WARN_OBJC_LITERAL_CONVERSION = YES;
				CLANG_WARN_OBJC_ROOT_CLASS = YES_ERROR;
				CLANG_WARN_RANGE_LOOP_ANALYSIS = YES;
				CLANG_WARN_STRICT_PROTOTYPES = YES;
				CLANG_WARN_SUSPICIOUS_MOVE = YES;
				CLANG_WARN_UNGUARDED_AVAILABILITY = YES_AGGRESSIVE;
				CLANG_WARN_UNREACHABLE_CODE = YES;
				CLANG_WARN__DUPLICATE_METHOD_MATCH = YES;
				CODE_SIGN_IDENTITY = "iPhone Developer";
				COPY_PHASE_STRIP = NO;
				DEBUG_INFORMATION_FORMAT = dwarf;
				ENABLE_STRICT_OBJC_MSGSEND = YES;
				ENABLE_TESTABILITY = YES;
				GCC_C_LANGUAGE_STANDARD = gnu11;
				GCC_DYNAMIC_NO_PIC = NO;
				GCC_NO_COMMON_BLOCKS = YES;
				GCC_OPTIMIZATION_LEVEL = 0;
				GCC_PREPROCESSOR_DEFINITIONS = (
					"DEBUG=1",
					"$(inherited)",
				);
				GCC_WARN_64_TO_32_BIT_CONVERSION = YES;
				GCC_WARN_ABOUT_RETURN_TYPE = YES_ERROR;
				GCC_WARN_UNDECLARED_SELECTOR = YES;
				GCC_WARN_UNINITIALIZED_AUTOS = YES_AGGRESSIVE;
				GCC_WARN_UNUSED_FUNCTION = YES;
				GCC_WARN_UNUSED_VARIABLE = YES;
				IPHONEOS_DEPLOYMENT_TARGET = 12.2;
				MTL_ENABLE_DEBUG_INFO = INCLUDE_SOURCE;
				MTL_FAST_MATH = YES;
				ONLY_ACTIVE_ARCH = YES;
				SDKROOT = iphoneos;
				SWIFT_ACTIVE_COMPILATION_CONDITIONS = DEBUG;
				SWIFT_OPTIMIZATION_LEVEL = "-Onone";
			};
			name = Debug;
		};
		0FFFCB6A2286E77500E8564E /* Release */ = {
			isa = XCBuildConfiguration;
			buildSettings = {
				ALWAYS_SEARCH_USER_PATHS = NO;
				CLANG_ANALYZER_NONNULL = YES;
				CLANG_ANALYZER_NUMBER_OBJECT_CONVERSION = YES_AGGRESSIVE;
				CLANG_CXX_LANGUAGE_STANDARD = "gnu++14";
				CLANG_CXX_LIBRARY = "libc++";
				CLANG_ENABLE_MODULES = YES;
				CLANG_ENABLE_OBJC_ARC = YES;
				CLANG_ENABLE_OBJC_WEAK = YES;
				CLANG_WARN_BLOCK_CAPTURE_AUTORELEASING = YES;
				CLANG_WARN_BOOL_CONVERSION = YES;
				CLANG_WARN_COMMA = YES;
				CLANG_WARN_CONSTANT_CONVERSION = YES;
				CLANG_WARN_DEPRECATED_OBJC_IMPLEMENTATIONS = YES;
				CLANG_WARN_DIRECT_OBJC_ISA_USAGE = YES_ERROR;
				CLANG_WARN_DOCUMENTATION_COMMENTS = YES;
				CLANG_WARN_EMPTY_BODY = YES;
				CLANG_WARN_ENUM_CONVERSION = YES;
				CLANG_WARN_INFINITE_RECURSION = YES;
				CLANG_WARN_INT_CONVERSION = YES;
				CLANG_WARN_NON_LITERAL_NULL_CONVERSION = YES;
				CLANG_WARN_OBJC_IMPLICIT_RETAIN_SELF = YES;
				CLANG_WARN_OBJC_LITERAL_CONVERSION = YES;
				CLANG_WARN_OBJC_ROOT_CLASS = YES_ERROR;
				CLANG_WARN_RANGE_LOOP_ANALYSIS = YES;
				CLANG_WARN_STRICT_PROTOTYPES = YES;
				CLANG_WARN_SUSPICIOUS_MOVE = YES;
				CLANG_WARN_UNGUARDED_AVAILABILITY = YES_AGGRESSIVE;
				CLANG_WARN_UNREACHABLE_CODE = YES;
				CLANG_WARN__DUPLICATE_METHOD_MATCH = YES;
				CODE_SIGN_IDENTITY = "iPhone Developer";
				COPY_PHASE_STRIP = NO;
				DEBUG_INFORMATION_FORMAT = "dwarf-with-dsym";
				ENABLE_NS_ASSERTIONS = NO;
				ENABLE_STRICT_OBJC_MSGSEND = YES;
				GCC_C_LANGUAGE_STANDARD = gnu11;
				GCC_NO_COMMON_BLOCKS = YES;
				GCC_WARN_64_TO_32_BIT_CONVERSION = YES;
				GCC_WARN_ABOUT_RETURN_TYPE = YES_ERROR;
				GCC_WARN_UNDECLARED_SELECTOR = YES;
				GCC_WARN_UNINITIALIZED_AUTOS = YES_AGGRESSIVE;
				GCC_WARN_UNUSED_FUNCTION = YES;
				GCC_WARN_UNUSED_VARIABLE = YES;
				IPHONEOS_DEPLOYMENT_TARGET = 12.2;
				MTL_ENABLE_DEBUG_INFO = NO;
				MTL_FAST_MATH = YES;
				SDKROOT = iphoneos;
				SWIFT_COMPILATION_MODE = wholemodule;
				SWIFT_OPTIMIZATION_LEVEL = "-O";
				VALIDATE_PRODUCT = YES;
			};
			name = Release;
		};
		0FFFCB6C2286E77500E8564E /* Debug */ = {
			isa = XCBuildConfiguration;
			buildSettings = {
				ASSETCATALOG_COMPILER_APPICON_NAME = AppIcon;
				CODE_SIGN_STYLE = Automatic;
				DEVELOPMENT_TEAM = 5SB5PKK43B;
				INFOPLIST_FILE = Galileo/Resources/Info.plist;
				IPHONEOS_DEPLOYMENT_TARGET = 11.0;
				LD_RUNPATH_SEARCH_PATHS = (
					"$(inherited)",
					"@executable_path/Frameworks",
				);
				PRODUCT_BUNDLE_IDENTIFIER = com.agatte.Galileo;
				PRODUCT_NAME = "$(TARGET_NAME)";
				SWIFT_VERSION = 5.0;
				TARGETED_DEVICE_FAMILY = "1,2";
			};
			name = Debug;
		};
		0FFFCB6D2286E77500E8564E /* Release */ = {
			isa = XCBuildConfiguration;
			buildSettings = {
				ASSETCATALOG_COMPILER_APPICON_NAME = AppIcon;
				CODE_SIGN_STYLE = Automatic;
				DEVELOPMENT_TEAM = 5SB5PKK43B;
				INFOPLIST_FILE = Galileo/Resources/Info.plist;
				IPHONEOS_DEPLOYMENT_TARGET = 11.0;
				LD_RUNPATH_SEARCH_PATHS = (
					"$(inherited)",
					"@executable_path/Frameworks",
				);
				PRODUCT_BUNDLE_IDENTIFIER = com.agatte.Galileo;
				PRODUCT_NAME = "$(TARGET_NAME)";
				SWIFT_VERSION = 5.0;
				TARGETED_DEVICE_FAMILY = "1,2";
			};
			name = Release;
		};
		0FFFCB6F2286E77500E8564E /* Debug */ = {
			isa = XCBuildConfiguration;
			buildSettings = {
				ALWAYS_EMBED_SWIFT_STANDARD_LIBRARIES = YES;
				BUNDLE_LOADER = "$(TEST_HOST)";
				CODE_SIGN_STYLE = Automatic;
				DEVELOPMENT_TEAM = 5SB5PKK43B;
				INFOPLIST_FILE = GalileoTests/Resources/Info.plist;
				LD_RUNPATH_SEARCH_PATHS = (
					"$(inherited)",
					"@executable_path/Frameworks",
					"@loader_path/Frameworks",
				);
				PRODUCT_BUNDLE_IDENTIFIER = com.agatte.GalileoTests;
				PRODUCT_NAME = "$(TARGET_NAME)";
				SWIFT_VERSION = 5.0;
				TARGETED_DEVICE_FAMILY = "1,2";
				TEST_HOST = "$(BUILT_PRODUCTS_DIR)/Galileo.app/Galileo";
			};
			name = Debug;
		};
		0FFFCB702286E77500E8564E /* Release */ = {
			isa = XCBuildConfiguration;
			buildSettings = {
				ALWAYS_EMBED_SWIFT_STANDARD_LIBRARIES = YES;
				BUNDLE_LOADER = "$(TEST_HOST)";
				CODE_SIGN_STYLE = Automatic;
				DEVELOPMENT_TEAM = 5SB5PKK43B;
				INFOPLIST_FILE = GalileoTests/Resources/Info.plist;
				LD_RUNPATH_SEARCH_PATHS = (
					"$(inherited)",
					"@executable_path/Frameworks",
					"@loader_path/Frameworks",
				);
				PRODUCT_BUNDLE_IDENTIFIER = com.agatte.GalileoTests;
				PRODUCT_NAME = "$(TARGET_NAME)";
				SWIFT_VERSION = 5.0;
				TARGETED_DEVICE_FAMILY = "1,2";
				TEST_HOST = "$(BUILT_PRODUCTS_DIR)/Galileo.app/Galileo";
			};
			name = Release;
		};
/* End XCBuildConfiguration section */

/* Begin XCConfigurationList section */
		0FFFCB492286E77400E8564E /* Build configuration list for PBXProject "Galileo" */ = {
			isa = XCConfigurationList;
			buildConfigurations = (
				0FFFCB692286E77500E8564E /* Debug */,
				0FFFCB6A2286E77500E8564E /* Release */,
			);
			defaultConfigurationIsVisible = 0;
			defaultConfigurationName = Release;
		};
		0FFFCB6B2286E77500E8564E /* Build configuration list for PBXNativeTarget "Galileo" */ = {
			isa = XCConfigurationList;
			buildConfigurations = (
				0FFFCB6C2286E77500E8564E /* Debug */,
				0FFFCB6D2286E77500E8564E /* Release */,
			);
			defaultConfigurationIsVisible = 0;
			defaultConfigurationName = Release;
		};
		0FFFCB6E2286E77500E8564E /* Build configuration list for PBXNativeTarget "GalileoTests" */ = {
			isa = XCConfigurationList;
			buildConfigurations = (
				0FFFCB6F2286E77500E8564E /* Debug */,
				0FFFCB702286E77500E8564E /* Release */,
			);
			defaultConfigurationIsVisible = 0;
			defaultConfigurationName = Release;
		};
/* End XCConfigurationList section */
	};
	rootObject = 0FFFCB462286E77400E8564E /* Project object */;
}
